
Microsoft Visual Studio Solution File, Format Version 12.00
# Visual Studio 15
VisualStudioVersion = 15.0.27428.2002
MinimumVisualStudioVersion = 10.0.40219.1
Project("{FAE04EC0-301F-11D3-BF4B-00C04F79EFBC}") = "Geo.Service", "GeoService\Geo.Service.csproj", "{123DA506-900C-42BF-B7C1-8C3911D4CDC3}"
EndProject
Project("{FAE04EC0-301F-11D3-BF4B-00C04F79EFBC}") = "GeoLib.Contracts", "GeoLib.Contracts\GeoLib.Contracts.csproj", "{A769C57A-7191-4E41-A64E-A6804F44E008}"
EndProject
Project("{FAE04EC0-301F-11D3-BF4B-00C04F79EFBC}") = "GeoLib.Data", "GeoLib.Data\GeoLib.Data.csproj", "{A97C33E5-62A6-4D1B-8E96-54FAE6A7E960}"
EndProject
Project("{FAE04EC0-301F-11D3-BF4B-00C04F79EFBC}") = "GeoLib.Core", "GeoLib.Core\GeoLib.Core.csproj", "{D5ED03BA-A9E6-4807-9A65-8E7CCA93625C}"
EndProject
Project("{FAE04EC0-301F-11D3-BF4B-00C04F79EFBC}") = "GeoLib.Tests", "GeoLib.Tests\GeoLib.Tests.csproj", "{02D29DF6-5A07-4501-ABD1-3FEA4EA7C0AD}"
EndProject
Project("{2150E333-8FDC-42A3-9474-1A3956D46DE8}") = "Hosting", "Hosting", "{FE3853B9-3C8D-472C-B7C7-20A9A1759C37}"
EndProject
Project("{FAE04EC0-301F-11D3-BF4B-00C04F79EFBC}") = "GeoLib.ConsoleHost", "GeoLib.ConsoleHost\GeoLib.ConsoleHost.csproj", "{B52B9036-590C-4C2A-BDAB-81F5D5B9FEF4}"
EndProject
Project("{FAE04EC0-301F-11D3-BF4B-00C04F79EFBC}") = "GeoLib.WebHost", "GeoLib.WebHost\GeoLib.WebHost.csproj", "{E6A239D1-6C5E-44A8-9ABF-856D5392CBEB}"
EndProject
Project("{FAE04EC0-301F-11D3-BF4B-00C04F79EFBC}") = "Geolib.WindowsHost", "Geolib.WindowsHost\Geolib.WindowsHost.csproj", "{AC9C42B0-29F3-4867-96F0-BF293405EBCD}"
EndProject
Project("{FAE04EC0-301F-11D3-BF4B-00C04F79EFBC}") = "GeoLib.Proxies", "GeoLib.Proxies\GeoLib.Proxies.csproj", "{875EFADE-F26B-49C4-B8D8-5A9BFF67A720}"
EndProject
Project("{FAE04EC0-301F-11D3-BF4B-00C04F79EFBC}") = "GeoLib.Client", "GeoLib.Client\GeoLib.Client.csproj", "{BF9D3958-4AF8-494A-8D34-13AD38E4C17A}"
EndProject
Project("{930C7802-8A8C-48F9-8165-68863BCCD9DD}") = "GeoServiceInstaller", "GeoServiceInstaller\GeoServiceInstaller.wixproj", "{97D80177-D53D-43A1-9A57-392EB8CDDF21}"
EndProject
Global
	GlobalSection(SolutionConfigurationPlatforms) = preSolution
		Debug|Any CPU = Debug|Any CPU
		Debug|x86 = Debug|x86
		Release|Any CPU = Release|Any CPU
		Release|x86 = Release|x86
	EndGlobalSection
	GlobalSection(ProjectConfigurationPlatforms) = postSolution
		{123DA506-900C-42BF-B7C1-8C3911D4CDC3}.Debug|Any CPU.ActiveCfg = Debug|Any CPU
		{123DA506-900C-42BF-B7C1-8C3911D4CDC3}.Debug|Any CPU.Build.0 = Debug|Any CPU
		{123DA506-900C-42BF-B7C1-8C3911D4CDC3}.Debug|x86.ActiveCfg = Debug|Any CPU
		{123DA506-900C-42BF-B7C1-8C3911D4CDC3}.Debug|x86.Build.0 = Debug|Any CPU
		{123DA506-900C-42BF-B7C1-8C3911D4CDC3}.Release|Any CPU.ActiveCfg = Release|Any CPU
		{123DA506-900C-42BF-B7C1-8C3911D4CDC3}.Release|Any CPU.Build.0 = Release|Any CPU
		{123DA506-900C-42BF-B7C1-8C3911D4CDC3}.Release|x86.ActiveCfg = Release|Any CPU
		{123DA506-900C-42BF-B7C1-8C3911D4CDC3}.Release|x86.Build.0 = Release|Any CPU
		{A769C57A-7191-4E41-A64E-A6804F44E008}.Debug|Any CPU.ActiveCfg = Debug|Any CPU
		{A769C57A-7191-4E41-A64E-A6804F44E008}.Debug|Any CPU.Build.0 = Debug|Any CPU
		{A769C57A-7191-4E41-A64E-A6804F44E008}.Debug|x86.ActiveCfg = Debug|Any CPU
		{A769C57A-7191-4E41-A64E-A6804F44E008}.Debug|x86.Build.0 = Debug|Any CPU
		{A769C57A-7191-4E41-A64E-A6804F44E008}.Release|Any CPU.ActiveCfg = Release|Any CPU
		{A769C57A-7191-4E41-A64E-A6804F44E008}.Release|Any CPU.Build.0 = Release|Any CPU
		{A769C57A-7191-4E41-A64E-A6804F44E008}.Release|x86.ActiveCfg = Release|Any CPU
		{A769C57A-7191-4E41-A64E-A6804F44E008}.Release|x86.Build.0 = Release|Any CPU
		{A97C33E5-62A6-4D1B-8E96-54FAE6A7E960}.Debug|Any CPU.ActiveCfg = Debug|Any CPU
		{A97C33E5-62A6-4D1B-8E96-54FAE6A7E960}.Debug|Any CPU.Build.0 = Debug|Any CPU
		{A97C33E5-62A6-4D1B-8E96-54FAE6A7E960}.Debug|x86.ActiveCfg = Debug|Any CPU
		{A97C33E5-62A6-4D1B-8E96-54FAE6A7E960}.Debug|x86.Build.0 = Debug|Any CPU
		{A97C33E5-62A6-4D1B-8E96-54FAE6A7E960}.Release|Any CPU.ActiveCfg = Release|Any CPU
		{A97C33E5-62A6-4D1B-8E96-54FAE6A7E960}.Release|Any CPU.Build.0 = Release|Any CPU
		{A97C33E5-62A6-4D1B-8E96-54FAE6A7E960}.Release|x86.ActiveCfg = Release|Any CPU
		{A97C33E5-62A6-4D1B-8E96-54FAE6A7E960}.Release|x86.Build.0 = Release|Any CPU
		{D5ED03BA-A9E6-4807-9A65-8E7CCA93625C}.Debug|Any CPU.ActiveCfg = Debug|Any CPU
		{D5ED03BA-A9E6-4807-9A65-8E7CCA93625C}.Debug|Any CPU.Build.0 = Debug|Any CPU
		{D5ED03BA-A9E6-4807-9A65-8E7CCA93625C}.Debug|x86.ActiveCfg = Debug|Any CPU
		{D5ED03BA-A9E6-4807-9A65-8E7CCA93625C}.Debug|x86.Build.0 = Debug|Any CPU
		{D5ED03BA-A9E6-4807-9A65-8E7CCA93625C}.Release|Any CPU.ActiveCfg = Release|Any CPU
		{D5ED03BA-A9E6-4807-9A65-8E7CCA93625C}.Release|Any CPU.Build.0 = Release|Any CPU
		{D5ED03BA-A9E6-4807-9A65-8E7CCA93625C}.Release|x86.ActiveCfg = Release|Any CPU
		{D5ED03BA-A9E6-4807-9A65-8E7CCA93625C}.Release|x86.Build.0 = Release|Any CPU
		{02D29DF6-5A07-4501-ABD1-3FEA4EA7C0AD}.Debug|Any CPU.ActiveCfg = Debug|Any CPU
		{02D29DF6-5A07-4501-ABD1-3FEA4EA7C0AD}.Debug|Any CPU.Build.0 = Debug|Any CPU
		{02D29DF6-5A07-4501-ABD1-3FEA4EA7C0AD}.Debug|x86.ActiveCfg = Debug|Any CPU
		{02D29DF6-5A07-4501-ABD1-3FEA4EA7C0AD}.Debug|x86.Build.0 = Debug|Any CPU
		{02D29DF6-5A07-4501-ABD1-3FEA4EA7C0AD}.Release|Any CPU.ActiveCfg = Release|Any CPU
		{02D29DF6-5A07-4501-ABD1-3FEA4EA7C0AD}.Release|Any CPU.Build.0 = Release|Any CPU
		{02D29DF6-5A07-4501-ABD1-3FEA4EA7C0AD}.Release|x86.ActiveCfg = Release|Any CPU
		{02D29DF6-5A07-4501-ABD1-3FEA4EA7C0AD}.Release|x86.Build.0 = Release|Any CPU
		{B52B9036-590C-4C2A-BDAB-81F5D5B9FEF4}.Debug|Any CPU.ActiveCfg = Debug|Any CPU
		{B52B9036-590C-4C2A-BDAB-81F5D5B9FEF4}.Debug|Any CPU.Build.0 = Debug|Any CPU
		{B52B9036-590C-4C2A-BDAB-81F5D5B9FEF4}.Debug|x86.ActiveCfg = Debug|Any CPU
		{B52B9036-590C-4C2A-BDAB-81F5D5B9FEF4}.Debug|x86.Build.0 = Debug|Any CPU
		{B52B9036-590C-4C2A-BDAB-81F5D5B9FEF4}.Release|Any CPU.ActiveCfg = Release|Any CPU
		{B52B9036-590C-4C2A-BDAB-81F5D5B9FEF4}.Release|Any CPU.Build.0 = Release|Any CPU
		{B52B9036-590C-4C2A-BDAB-81F5D5B9FEF4}.Release|x86.ActiveCfg = Release|Any CPU
		{B52B9036-590C-4C2A-BDAB-81F5D5B9FEF4}.Release|x86.Build.0 = Release|Any CPU
		{E6A239D1-6C5E-44A8-9ABF-856D5392CBEB}.Debug|Any CPU.ActiveCfg = Debug|Any CPU
		{E6A239D1-6C5E-44A8-9ABF-856D5392CBEB}.Debug|Any CPU.Build.0 = Debug|Any CPU
		{E6A239D1-6C5E-44A8-9ABF-856D5392CBEB}.Debug|x86.ActiveCfg = Debug|Any CPU
		{E6A239D1-6C5E-44A8-9ABF-856D5392CBEB}.Debug|x86.Build.0 = Debug|Any CPU
		{E6A239D1-6C5E-44A8-9ABF-856D5392CBEB}.Release|Any CPU.ActiveCfg = Release|Any CPU
		{E6A239D1-6C5E-44A8-9ABF-856D5392CBEB}.Release|Any CPU.Build.0 = Release|Any CPU
		{E6A239D1-6C5E-44A8-9ABF-856D5392CBEB}.Release|x86.ActiveCfg = Release|Any CPU
		{E6A239D1-6C5E-44A8-9ABF-856D5392CBEB}.Release|x86.Build.0 = Release|Any CPU
		{AC9C42B0-29F3-4867-96F0-BF293405EBCD}.Debug|Any CPU.ActiveCfg = Debug|Any CPU
		{AC9C42B0-29F3-4867-96F0-BF293405EBCD}.Debug|Any CPU.Build.0 = Debug|Any CPU
		{AC9C42B0-29F3-4867-96F0-BF293405EBCD}.Debug|x86.ActiveCfg = Debug|Any CPU
		{AC9C42B0-29F3-4867-96F0-BF293405EBCD}.Debug|x86.Build.0 = Debug|Any CPU
		{AC9C42B0-29F3-4867-96F0-BF293405EBCD}.Release|Any CPU.ActiveCfg = Release|Any CPU
		{AC9C42B0-29F3-4867-96F0-BF293405EBCD}.Release|Any CPU.Build.0 = Release|Any CPU
		{AC9C42B0-29F3-4867-96F0-BF293405EBCD}.Release|x86.ActiveCfg = Release|Any CPU
		{AC9C42B0-29F3-4867-96F0-BF293405EBCD}.Release|x86.Build.0 = Release|Any CPU
		{875EFADE-F26B-49C4-B8D8-5A9BFF67A720}.Debug|Any CPU.ActiveCfg = Debug|Any CPU
		{875EFADE-F26B-49C4-B8D8-5A9BFF67A720}.Debug|Any CPU.Build.0 = Debug|Any CPU
		{875EFADE-F26B-49C4-B8D8-5A9BFF67A720}.Debug|x86.ActiveCfg = Debug|Any CPU
		{875EFADE-F26B-49C4-B8D8-5A9BFF67A720}.Debug|x86.Build.0 = Debug|Any CPU
		{875EFADE-F26B-49C4-B8D8-5A9BFF67A720}.Release|Any CPU.ActiveCfg = Release|Any CPU
		{875EFADE-F26B-49C4-B8D8-5A9BFF67A720}.Release|Any CPU.Build.0 = Release|Any CPU
		{875EFADE-F26B-49C4-B8D8-5A9BFF67A720}.Release|x86.ActiveCfg = Release|Any CPU
		{875EFADE-F26B-49C4-B8D8-5A9BFF67A720}.Release|x86.Build.0 = Release|Any CPU
		{BF9D3958-4AF8-494A-8D34-13AD38E4C17A}.Debug|Any CPU.ActiveCfg = Debug|Any CPU
		{BF9D3958-4AF8-494A-8D34-13AD38E4C17A}.Debug|Any CPU.Build.0 = Debug|Any CPU
		{BF9D3958-4AF8-494A-8D34-13AD38E4C17A}.Debug|x86.ActiveCfg = Debug|Any CPU
		{BF9D3958-4AF8-494A-8D34-13AD38E4C17A}.Debug|x86.Build.0 = Debug|Any CPU
		{BF9D3958-4AF8-494A-8D34-13AD38E4C17A}.Release|Any CPU.ActiveCfg = Release|Any CPU
		{BF9D3958-4AF8-494A-8D34-13AD38E4C17A}.Release|Any CPU.Build.0 = Release|Any CPU
		{BF9D3958-4AF8-494A-8D34-13AD38E4C17A}.Release|x86.ActiveCfg = Release|Any CPU
		{BF9D3958-4AF8-494A-8D34-13AD38E4C17A}.Release|x86.Build.0 = Release|Any CPU
		{97D80177-D53D-43A1-9A57-392EB8CDDF21}.Debug|Any CPU.ActiveCfg = Debug|x86
		{97D80177-D53D-43A1-9A57-392EB8CDDF21}.Debug|Any CPU.Build.0 = Debug|x86
		{97D80177-D53D-43A1-9A57-392EB8CDDF21}.Debug|x86.ActiveCfg = Debug|x86
		{97D80177-D53D-43A1-9A57-392EB8CDDF21}.Debug|x86.Build.0 = Debug|x86
		{97D80177-D53D-43A1-9A57-392EB8CDDF21}.Release|Any CPU.ActiveCfg = Release|x86
		{97D80177-D53D-43A1-9A57-392EB8CDDF21}.Release|x86.ActiveCfg = Release|x86
		{97D80177-D53D-43A1-9A57-392EB8CDDF21}.Release|x86.Build.0 = Release|x86
	EndGlobalSection
	GlobalSection(SolutionProperties) = preSolution
		HideSolutionNode = FALSE
	EndGlobalSection
	GlobalSection(NestedProjects) = preSolution
		{B52B9036-590C-4C2A-BDAB-81F5D5B9FEF4} = {FE3853B9-3C8D-472C-B7C7-20A9A1759C37}
		{E6A239D1-6C5E-44A8-9ABF-856D5392CBEB} = {FE3853B9-3C8D-472C-B7C7-20A9A1759C37}
		{AC9C42B0-29F3-4867-96F0-BF293405EBCD} = {FE3853B9-3C8D-472C-B7C7-20A9A1759C37}
	EndGlobalSection
	GlobalSection(ExtensibilityGlobals) = postSolution
		SolutionGuid = {783DB469-2C51-490C-9A95-AC15D55905A5}
	EndGlobalSection
EndGlobal
